
Microsoft Visual Studio Solution File, Format Version 12.00
Project("{FAE04EC0-301F-11D3-BF4B-00C04F79EFBC}") = "BigFile", "BigFile\BigFile.csproj", "{AF43C5CE-A258-4B34-845E-7AD3FD6CA28D}"
EndProject
Global
	GlobalSection(SolutionConfigurationPlatforms) = preSolution
		Debug|Any CPU = Debug|Any CPU
		Release|Any CPU = Release|Any CPU
	EndGlobalSection
	GlobalSection(ProjectConfigurationPlatforms) = postSolution
		{AF43C5CE-A258-4B34-845E-7AD3FD6CA28D}.Debug|Any CPU.ActiveCfg = Debug|Any CPU
		{AF43C5CE-A258-4B34-845E-7AD3FD6CA28D}.Debug|Any CPU.Build.0 = Debug|Any CPU
		{AF43C5CE-A258-4B34-845E-7AD3FD6CA28D}.Release|Any CPU.ActiveCfg = Release|Any CPU
		{AF43C5CE-A258-4B34-845E-7AD3FD6CA28D}.Release|Any CPU.Build.0 = Release|Any CPU
	EndGlobalSection
EndGlobal
